{
  "name": "assets",
  "lockfileVersion": 3,
  "requires": true,
  "packages": {
    "": {
      "license": "MIT",
      "dependencies": {
        "@vue-reactivity/watch": "^0.2.0",
        "@vue/reactivity": "^3.3.4",
        "consola": "^3.2.3"
      },
      "devDependencies": {
        "@types/phoenix": "^1.6.1",
        "@types/phoenix_live_view": "^0.18.0"
      }
    },
    "node_modules/@types/phoenix": {
      "version": "1.6.2",
      "dev": true,
      "license": "MIT"
    },
    "node_modules/@types/phoenix_live_view": {
      "version": "0.18.1",
      "dev": true,
      "license": "MIT",
      "dependencies": {
        "@types/phoenix": "*"
      }
    },
    "node_modules/@vue-reactivity/watch": {
      "version": "0.2.0",
      "license": "MIT",
      "dependencies": {
        "esbuild": "^0.14.19"
      },
      "peerDependencies": {
        "@vue/reactivity": ">=3.0.0-rc.1",
        "@vue/shared": ">=3.0.0-rc.1"
      }
    },
    "node_modules/@vue/reactivity": {
      "version": "3.3.8",
      "resolved": "https://registry.npmjs.org/@vue/reactivity/-/reactivity-3.3.8.tgz",
      "integrity": "sha512-ctLWitmFBu6mtddPyOKpHg8+5ahouoTCRtmAHZAXmolDtuZXfjL2T3OJ6DL6ezBPQB1SmMnpzjiWjCiMYmpIuw==",
      "dependencies": {
        "@vue/shared": "3.3.8"
      }
    },
    "node_modules/@vue/shared": {
      "version": "3.3.8",
      "resolved": "https://registry.npmjs.org/@vue/shared/-/shared-3.3.8.tgz",
      "integrity": "sha512-8PGwybFwM4x8pcfgqEQFy70NaQxASvOC5DJwLQfpArw1UDfUXrJkdxD3BhVTMS+0Lef/TU7YO0Jvr0jJY8T+mw=="
    },
    "node_modules/consola": {
      "version": "3.2.3",
      "license": "MIT",
      "engines": {
        "node": "^14.18.0 || >=16.10.0"
      }
    },
    "node_modules/esbuild": {
      "version": "0.14.54",
      "hasInstallScript": true,
      "license": "MIT",
      "bin": {
        "esbuild": "bin/esbuild"
      },
      "engines": {
        "node": ">=12"
      },
      "optionalDependencies": {
        "@esbuild/linux-loong64": "0.14.54",
        "esbuild-android-64": "0.14.54",
        "esbuild-android-arm64": "0.14.54",
        "esbuild-darwin-64": "0.14.54",
        "esbuild-darwin-arm64": "0.14.54",
        "esbuild-freebsd-64": "0.14.54",
        "esbuild-freebsd-arm64": "0.14.54",
        "esbuild-linux-32": "0.14.54",
        "esbuild-linux-64": "0.14.54",
        "esbuild-linux-arm": "0.14.54",
        "esbuild-linux-arm64": "0.14.54",
        "esbuild-linux-mips64le": "0.14.54",
        "esbuild-linux-ppc64le": "0.14.54",
        "esbuild-linux-riscv64": "0.14.54",
        "esbuild-linux-s390x": "0.14.54",
        "esbuild-netbsd-64": "0.14.54",
        "esbuild-openbsd-64": "0.14.54",
        "esbuild-sunos-64": "0.14.54",
        "esbuild-windows-32": "0.14.54",
        "esbuild-windows-64": "0.14.54",
        "esbuild-windows-arm64": "0.14.54"
      }
    },
    "node_modules/esbuild-darwin-arm64": {
      "version": "0.14.54",
      "cpu": [
        "arm64"
      ],
      "license": "MIT",
      "optional": true,
      "os": [
        "darwin"
      ],
      "engines": {
        "node": ">=12"
      }
    }
  }
}
