{
  "name": "assets",
  "lockfileVersion": 3,
  "requires": true,
  "packages": {
    "": {
      "license": "MIT",
      "devDependencies": {
        "@floating-ui/dom": "^1.6.13",
        "@types/phoenix": "^1.6.6",
        "@types/phoenix_live_view": "^1.0.0",
        "daisyui": "^5.0.4",
        "tom-select": "^2.4.3"
      }
    },
    "node_modules/@floating-ui/core": {
      "version": "1.6.8",
      "resolved": "https://registry.npmjs.org/@floating-ui/core/-/core-1.6.8.tgz",
      "integrity": "sha512-7XJ9cPU+yI2QeLS+FCSlqNFZJq8arvswefkZrYI1yQBbftw6FyrZOxYSh+9S7z7TpeWlRt9zJ5IhM1WIL334jA==",
      "dev": true,
      "dependencies": {
        "@floating-ui/utils": "^0.2.8"
      }
    },
    "node_modules/@floating-ui/dom": {
      "version": "1.6.13",
      "resolved": "https://registry.npmjs.org/@floating-ui/dom/-/dom-1.6.13.tgz",
      "integrity": "sha512-umqzocjDgNRGTuO7Q8CU32dkHkECqI8ZdMZ5Swb6QAM0t5rnlrN3lGo1hdpscRd3WS8T6DKYK4ephgIH9iRh3w==",
      "dev": true,
      "dependencies": {
        "@floating-ui/core": "^1.6.0",
        "@floating-ui/utils": "^0.2.9"
      }
    },
    "node_modules/@floating-ui/utils": {
      "version": "0.2.9",
      "resolved": "https://registry.npmjs.org/@floating-ui/utils/-/utils-0.2.9.tgz",
      "integrity": "sha512-MDWhGtE+eHw5JW7lq4qhc5yRLS11ERl1c7Z6Xd0a58DozHES6EnNNwUWbMiG4J9Cgj053Bhk8zvlhFYKVhULwg==",
      "dev": true
    },
    "node_modules/@orchidjs/sifter": {
      "version": "1.1.0",
      "resolved": "https://registry.npmjs.org/@orchidjs/sifter/-/sifter-1.1.0.tgz",
      "integrity": "sha512-mYwHCfr736cIWWdhhSZvDbf90AKt2xyrJspKFC3qyIJG1LtrJeJunYEqCGG4Aq2ijENbc4WkOjszcvNaIAS/pQ==",
      "dev": true,
      "dependencies": {
        "@orchidjs/unicode-variants": "^1.1.2"
      }
    },
    "node_modules/@orchidjs/unicode-variants": {
      "version": "1.1.2",
      "resolved": "https://registry.npmjs.org/@orchidjs/unicode-variants/-/unicode-variants-1.1.2.tgz",
      "integrity": "sha512-5DobW1CHgnBROOEpFlEXytED5OosEWESFvg/VYmH0143oXcijYTprRYJTs+55HzGM4IqxiLFSuqEzu9mPNwVsA==",
      "dev": true
    },
    "node_modules/@types/phoenix": {
      "version": "1.6.6",
      "resolved": "https://registry.npmjs.org/@types/phoenix/-/phoenix-1.6.6.tgz",
      "integrity": "sha512-PIzZZlEppgrpoT2QgbnDU+MMzuR6BbCjllj0bM70lWoejMeNJAxCchxnv7J3XFkI8MpygtRpzXrIlmWUBclP5A==",
      "dev": true
    },
    "node_modules/@types/phoenix_live_view": {
      "version": "1.0.0",
      "resolved": "https://registry.npmjs.org/@types/phoenix_live_view/-/phoenix_live_view-1.0.0.tgz",
      "integrity": "sha512-GGs3POhwsgcEjLU2Vey1dPRF1Sz9HXgdd78itt+bLJqta4uOIpctkaZm5lhunJ/3kLPx9M65d5URFklRdaQM1w==",
      "dev": true,
      "dependencies": {
        "@types/phoenix": "*"
      }
    },
    "node_modules/daisyui": {
      "version": "5.0.4",
      "resolved": "https://registry.npmjs.org/daisyui/-/daisyui-5.0.4.tgz",
      "integrity": "sha512-9X3oX/k9hPBCslAECk8kYfvwgrz6Grs0lN7VI0/ZTM/hUfq1uFREHxCcBCCq0QROpN183N19B1hTNRWGipO2Eg==",
      "dev": true,
      "license": "MIT",
      "funding": {
        "url": "https://github.com/saadeghi/daisyui?sponsor=1"
      }
    },
    "node_modules/tom-select": {
      "version": "2.4.3",
      "resolved": "https://registry.npmjs.org/tom-select/-/tom-select-2.4.3.tgz",
      "integrity": "sha512-MFFrMxP1bpnAMPbdvPCZk0KwYxLqhYZso39torcdoefeV/NThNyDu8dV96/INJ5XQVTL3O55+GqQ78Pkj5oCfw==",
      "dev": true,
      "license": "Apache-2.0",
      "dependencies": {
        "@orchidjs/sifter": "^1.1.0",
        "@orchidjs/unicode-variants": "^1.1.2"
      },
      "engines": {
        "node": "*"
      },
      "funding": {
        "type": "opencollective",
        "url": "https://opencollective.com/tom-select"
      }
    }
  }
}
