# THIS IS AN AUTOGENERATED FILE. DO NOT EDIT THIS FILE DIRECTLY.
# yarn lockfile v1


"@types/phoenix@*", "@types/phoenix@^1.6.1":
  version "1.6.2"
  resolved "https://registry.yarnpkg.com/@types/phoenix/-/phoenix-1.6.2.tgz#9a3838b6f45c895b0d7d9072025abb7525933a86"
  integrity sha512-I3mm7x5XIi+5NsIY3nfreY+H4PmQdyBwJ84SiUSOxSg1axwEPNmkKWYVm56y+emDpPPUL3cPzrLcgRWSd9gI7g==

"@types/phoenix_live_view@^0.18.0":
  version "0.18.1"
  resolved "https://registry.yarnpkg.com/@types/phoenix_live_view/-/phoenix_live_view-0.18.1.tgz#6c52455a3ff60a4bb8ee230370542e9fdd95172b"
  integrity sha512-z+o/RTggSJADMkdZcuzyyhd6EgwsoIAsqu+Fbx/Bo9tMdiaePfaOViH9DK5rFlrAqlQVIXwne+iFXp0rjPERQA==
  dependencies:
    "@types/phoenix" "*"

"@vue/reactivity@^3.3.4":
  version "3.3.4"
  resolved "https://registry.yarnpkg.com/@vue/reactivity/-/reactivity-3.3.4.tgz#a27a29c6cd17faba5a0e99fbb86ee951653e2253"
  integrity sha512-kLTDLwd0B1jG08NBF3R5rqULtv/f8x3rOFByTDz4J53ttIQEDmALqKqXY0J+XQeN0aV2FBxY8nJDf88yvOPAqQ==
  dependencies:
    "@vue/shared" "3.3.4"

"@vue/shared@3.3.4":
  version "3.3.4"
  resolved "https://registry.yarnpkg.com/@vue/shared/-/shared-3.3.4.tgz#06e83c5027f464eef861c329be81454bc8b70780"
  integrity sha512-7OjdcV8vQ74eiz1TZLzZP4JwqM5fA94K6yntPS5Z25r9HDuGNzaGdgvwKYq6S+MxwF0TFRwe50fIR/MYnakdkQ==

consola@^3.2.3:
  version "3.2.3"
  resolved "https://registry.yarnpkg.com/consola/-/consola-3.2.3.tgz#0741857aa88cfa0d6fd53f1cff0375136e98502f"
  integrity sha512-I5qxpzLv+sJhTVEoLYNcTW+bThDCPsit0vLNKShZx6rLtpilNpmmeTPaeqJb9ZE9dV3DGaeby6Vuhrw38WjeyQ==
