# THIS IS AN AUTOGENERATED FILE. DO NOT EDIT THIS FILE DIRECTLY.
# yarn lockfile v1


"@alpinejs/focus@^3.13.0":
  version "3.13.0"
  resolved "https://registry.yarnpkg.com/@alpinejs/focus/-/focus-3.13.0.tgz#4310570d858896dec83611557ad5766e9cd908ad"
  integrity sha512-8ls5d6oIYtsnIeYRMczPTo2uUW0Qj7uJQII5PIksaKVPqrHPU94qcmYWZnKJ4yW0moUGaC1/Km/XrA5GzVXeRA==
  dependencies:
    focus-trap "^6.9.4"
    tabbable "^5.3.3"

"@alpinejs/ui@^3.13.0-beta.0":
  version "3.13.0-beta.0"
  resolved "https://registry.yarnpkg.com/@alpinejs/ui/-/ui-3.13.0-beta.0.tgz#415a0f7532e900870dfc16c40f312386e87025f3"
  integrity sha512-vVkA6TzeEP3xNSSOIu8f67tjCthXjkemqZF96qSW4xiC6P1Mrimn3XfYenRSXqiE4akmUX16XRqGmpFyBsF3yQ==

"@types/alpinejs@^3.7.2":
  version "3.7.2"
  resolved "https://registry.yarnpkg.com/@types/alpinejs/-/alpinejs-3.7.2.tgz#44ff5f7949a9f9d875b94cdc68da46db08857cb7"
  integrity sha512-M/PAVysvGxOlhifP/6XmO8bj5HW9w+Ygr03PdryM3tCb1KuQEaAAvVcyeZc5T75PbjH3dCzy/M/w/nJEE0FTSg==
  dependencies:
    "@vue/reactivity" "^3.2.26"

"@types/phoenix@*", "@types/phoenix@^1.6.1":
  version "1.6.1"
  resolved "https://registry.yarnpkg.com/@types/phoenix/-/phoenix-1.6.1.tgz#9551cd77a8f4c70c5d81db899f2af762066aabde"
  integrity sha512-g2/8Ogi2zfiS25jdGT5iDSo5yjruhhXaOuOJCkOxMW28w16VxFvjtAXjBNRo7WlRS4+UXAMj3mK46UwieNM/5g==

"@types/phoenix_live_view@^0.18.0":
  version "0.18.0"
  resolved "https://registry.yarnpkg.com/@types/phoenix_live_view/-/phoenix_live_view-0.18.0.tgz#386acdf6c8c1853ba1cfc108fd7b6dc37ae68867"
  integrity sha512-7Xa2SK4GEXXhxhj2CL9DAO7eQ1nAukLgFLjQGcd5WZih6fWdLvAHGwiJ2McJXIWQnZO2ZWn59UZneRxTyoUAIg==
  dependencies:
    "@types/phoenix" "*"

"@vue/reactivity@^3.2.26":
  version "3.3.4"
  resolved "https://registry.yarnpkg.com/@vue/reactivity/-/reactivity-3.3.4.tgz#a27a29c6cd17faba5a0e99fbb86ee951653e2253"
  integrity sha512-kLTDLwd0B1jG08NBF3R5rqULtv/f8x3rOFByTDz4J53ttIQEDmALqKqXY0J+XQeN0aV2FBxY8nJDf88yvOPAqQ==
  dependencies:
    "@vue/shared" "3.3.4"

"@vue/reactivity@~3.1.1":
  version "3.1.5"
  resolved "https://registry.yarnpkg.com/@vue/reactivity/-/reactivity-3.1.5.tgz#dbec4d9557f7c8f25c2635db1e23a78a729eb991"
  integrity sha512-1tdfLmNjWG6t/CsPldh+foumYFo3cpyCHgBYQ34ylaMsJ+SNHQ1kApMIa8jN+i593zQuaw3AdWH0nJTARzCFhg==
  dependencies:
    "@vue/shared" "3.1.5"

"@vue/shared@3.1.5":
  version "3.1.5"
  resolved "https://registry.yarnpkg.com/@vue/shared/-/shared-3.1.5.tgz#74ee3aad995d0a3996a6bb9533d4d280514ede03"
  integrity sha512-oJ4F3TnvpXaQwZJNF3ZK+kLPHKarDmJjJ6jyzVNDKH9md1dptjC7lWR//jrGuLdek/U6iltWxqAnYOu8gCiOvA==

"@vue/shared@3.3.4":
  version "3.3.4"
  resolved "https://registry.yarnpkg.com/@vue/shared/-/shared-3.3.4.tgz#06e83c5027f464eef861c329be81454bc8b70780"
  integrity sha512-7OjdcV8vQ74eiz1TZLzZP4JwqM5fA94K6yntPS5Z25r9HDuGNzaGdgvwKYq6S+MxwF0TFRwe50fIR/MYnakdkQ==

alpinejs@^3.13.0:
  version "3.13.0"
  resolved "https://registry.yarnpkg.com/alpinejs/-/alpinejs-3.13.0.tgz#0334d5f9edb612be33f1f8a7eb3a579b53e4f04e"
  integrity sha512-7FYR1Yz3evIjlJD1mZ3SYWSw+jlOmQGeQ1QiSufSQ6J84XMQFkzxm6OobiZ928SfqhGdoIp2SsABNsS4rXMMJw==
  dependencies:
    "@vue/reactivity" "~3.1.1"

focus-trap@^6.9.4:
  version "6.9.4"
  resolved "https://registry.yarnpkg.com/focus-trap/-/focus-trap-6.9.4.tgz#436da1a1d935c48b97da63cd8f361c6f3aa16444"
  integrity sha512-v2NTsZe2FF59Y+sDykKY+XjqZ0cPfhq/hikWVL88BqLivnNiEffAsac6rP6H45ff9wG9LL5ToiDqrLEP9GX9mw==
  dependencies:
    tabbable "^5.3.3"

tabbable@^5.3.3:
  version "5.3.3"
  resolved "https://registry.yarnpkg.com/tabbable/-/tabbable-5.3.3.tgz#aac0ff88c73b22d6c3c5a50b1586310006b47fbf"
  integrity sha512-QD9qKY3StfbZqWOPLp0++pOrAVb/HbUi5xCc8cUo4XjP19808oaMiDzn0leBY5mCespIBM0CIZePzZjgzR83kA==
